# Generated by buf. DO NOT EDIT.
version: v1
deps:
  - remote: clinician-nexus.buf.dev
    owner: googleapis
    repository: googleapis
    commit: 2a922405cb8a46499eeafd1c44a5862e
    digest: shake256:8ccd0616fd205f7aa02cb23c1a73513bb9f734d9bafa316ceb4713ee9e6a1d2ee0f1e28ed142d6b3690c34fea430f61c986b4622f50968b6c090d1492e234437
