{
  "version": 1,
  "dependencies": {
    "net7.0": {
      "Grpc.AspNetCore": {
        "type": "Direct",
        "requested": "[2.51.0, )",
        "resolved": "2.51.0",
        "contentHash": "an2kd1PkfeXItIx7LfN+QTOeIMwkPsLWCuzDpQy23WQUk8E7eMh4vZ8gnYusuR+chLo3P94gDhXPNrcFBbS+OQ==",
        "dependencies": {
          "Google.Protobuf": "3.21.5",
          "Grpc.AspNetCore.Server.ClientFactory": "2.51.0",
          "Grpc.Tools": "2.51.0"
        }
      },
      "Microsoft.VisualStudio.Azure.Containers.Tools.Targets": {
        "type": "Direct",
        "requested": "[1.17.0, )",
        "resolved": "1.17.0",
        "contentHash": "gfDtAL1WhkjbRdbZlt/ZeQYCbgRpNCZCGj+yeqHObsNFRDHjq8qZJOX9AyTxJpSRYMi9SJk7JDyAbbVYRgEhAA=="
      },
      "AutoMapper": {
        "type": "Transitive",
        "resolved": "12.0.1",
        "contentHash": "hvV62vl6Hp/WfQ24yzo3Co9+OPl8wH8hApwVtgWpiAynVJkUcs7xvehnSftawL8Pe8FrPffBRM3hwzLQqWDNjA==",
        "dependencies": {
          "Microsoft.CSharp": "4.7.0"
        }
      },
      "AutoMapper.Extensions.Microsoft.DependencyInjection": {
        "type": "Transitive",
        "resolved": "12.0.0",
        "contentHash": "XCJ4E3oKrbRl1qY9Mr+7uyC0xZj1+bqQjmQRWTiTKiVuuXTny+7YFWHi20tPjwkMukLbicN6yGlDy5PZ4wyi1w==",
        "dependencies": {
          "AutoMapper": "12.0.0",
          "Microsoft.Extensions.Options": "6.0.0"
        }
      },
      "AWSSDK.Core": {
        "type": "Transitive",
        "resolved": "3.7.106.35",
        "contentHash": "Ktw8eI07b9qXfiCi+lyr2FjQJil41Uf0UPNTDvxf7yDRDUEhq2cewtGKctpLcZ3MtlqMGtwjIpm/uA0RPSakGw=="
      },
      "AWSSDK.S3": {
        "type": "Transitive",
        "resolved": "3.7.103.36",
        "contentHash": "ano6MvhrFaWvdNzuDa7LMgo4wOnbaeX0Io+vhz/+g/TqHzpwv1rutGYM36+OT+gWaDsPCw/sJg0hRWjYS0RJLg==",
        "dependencies": {
          "AWSSDK.Core": "[3.7.106.6, 4.0.0)"
        }
      },
      "AWSSDK.SecurityToken": {
        "type": "Transitive",
        "resolved": "3.7.102.2",
        "contentHash": "07eBEzMmRNv9sky/7YNfxRqnpLCaONj/blHb4scK/3yjVCrhnLnFyAFcBa8qJpIBdCrKweSNdv8WF9LrzBML9g==",
        "dependencies": {
          "AWSSDK.Core": "[3.7.106.35, 4.0.0)"
        }
      },
      "Dapper": {
        "type": "Transitive",
        "resolved": "2.0.123",
        "contentHash": "RDFF4rBLLmbpi6pwkY7q/M6UXHRJEOerplDGE5jwEkP/JGJnBauAClYavNKJPW1yOTWRPIyfj4is3EaJxQXILQ=="
      },
      "Google.Protobuf": {
        "type": "Transitive",
        "resolved": "3.21.5",
        "contentHash": "d7zwRm0edg2cxqRynMD31F8HUUyicBT0l5M74EIsU6GAaq3dxxaZ/PpSPlso010W9nIXoVVKUYZSsiOspAOO/A=="
      },
      "Grpc.AspNetCore.Server": {
        "type": "Transitive",
        "resolved": "2.51.0",
        "contentHash": "D/4ZZSNtH0aNvoenCwGxT0KXOQvF1wcET59UZlnL0caKuxSQtNtc8ucIBHPzcSqQwZU7jGM6YO69P3fJjNrFaA==",
        "dependencies": {
          "Grpc.Net.Common": "2.51.0"
        }
      },
      "Grpc.AspNetCore.Server.ClientFactory": {
        "type": "Transitive",
        "resolved": "2.51.0",
        "contentHash": "iLGv5bmx5/Ua28+ieCTbJLQRCXgkR/r56Q6llIvyR0CSttGDtukrKcjKqfbCr57r2sYnMYX3Ma332mC9q9jUYg==",
        "dependencies": {
          "Grpc.AspNetCore.Server": "2.51.0",
          "Grpc.Net.ClientFactory": "2.51.0"
        }
      },
      "Grpc.Core.Api": {
        "type": "Transitive",
        "resolved": "2.51.0",
        "contentHash": "WUYCnxZKfdBWCKNs08lWFRoTjESt3iyFDthsZu5KcWguZ4OnnXrTu/K5mIdO+R9dUhuw5Xm1ygUrI1e2q8d1YA==",
        "dependencies": {
          "System.Memory": "4.5.3"
        }
      },
      "Grpc.Net.Client": {
        "type": "Transitive",
        "resolved": "2.51.0",
        "contentHash": "6XybyqUGn5+8UTMRKAfbM+aXagR3qxHROIEeFyul5gvh/dF3UqpnpnTkcRKIae4n5+Bt8j1J1VdNqYyEvYoYyg==",
        "dependencies": {
          "Grpc.Net.Common": "2.51.0",
          "Microsoft.Extensions.Logging.Abstractions": "3.0.3"
        }
      },
      "Grpc.Net.ClientFactory": {
        "type": "Transitive",
        "resolved": "2.51.0",
        "contentHash": "FB4do8BgRYgnFvm/KDZf/VJTjyW5km9PrPcrrd5zVLBI0B7gF/N7w8mBNwcs2yrU1U93t9WilA7v+GWd77BLdA==",
        "dependencies": {
          "Grpc.Net.Client": "2.51.0",
          "Microsoft.Extensions.Http": "3.0.3"
        }
      },
      "Grpc.Net.Common": {
        "type": "Transitive",
        "resolved": "2.51.0",
        "contentHash": "lAymSKjOHFopWt7RAF/Rxkf7SKGZaj+tJdabcnobm6XkdHX1zIQdkByeqIwmJesDbbCTpLEae6oSrn4eWWE9TQ==",
        "dependencies": {
          "Grpc.Core.Api": "2.51.0"
        }
      },
      "Grpc.Tools": {
        "type": "Transitive",
        "resolved": "2.51.0",
        "contentHash": "dGWgVYiTiwdlQuTK8kqqOkhYVHuOOuq3DVBmkjFwNOYQR9FW9YyEu0TXpxItc7W4xQ4lnahCLuHMNHd4012bnQ=="
      },
      "Microsoft.AspNetCore.Http.Features": {
        "type": "Transitive",
        "resolved": "5.0.17",
        "contentHash": "3jG2xS+dx8DDCGV/F+STdPTg89lX3ao3dF/VEPvJaz3wzBIjuadipTtYNEXDIVuOPZwb6jdmhrX9jkzOIBm5cw==",
        "dependencies": {
          "Microsoft.Extensions.Primitives": "5.0.1",
          "System.IO.Pipelines": "5.0.2"
        }
      },
      "Microsoft.CSharp": {
        "type": "Transitive",
        "resolved": "4.7.0",
        "contentHash": "pTj+D3uJWyN3My70i2Hqo+OXixq3Os2D1nJ2x92FFo6sk8fYS1m1WLNTs0Dc1uPaViH0YvEEwvzddQ7y4rhXmA=="
      },
      "Microsoft.Extensions.Configuration": {
        "type": "Transitive",
        "resolved": "7.0.0",
        "contentHash": "tldQUBWt/xeH2K7/hMPPo5g8zuLc3Ro9I5d4o/XrxvxOCA2EZBtW7bCHHTc49fcBtvB8tLAb/Qsmfrq+2SJ4vA==",
        "dependencies": {
          "Microsoft.Extensions.Configuration.Abstractions": "7.0.0",
          "Microsoft.Extensions.Primitives": "7.0.0"
        }
      },
      "Microsoft.Extensions.Configuration.Abstractions": {
        "type": "Transitive",
        "resolved": "7.0.0",
        "contentHash": "f34u2eaqIjNO9YLHBz8rozVZ+TcFiFs0F3r7nUJd7FRkVSxk8u4OpoK226mi49MwexHOR2ibP9MFvRUaLilcQQ==",
        "dependencies": {
          "Microsoft.Extensions.Primitives": "7.0.0"
        }
      },
      "Microsoft.Extensions.Configuration.Binder": {
        "type": "Transitive",
        "resolved": "3.0.3",
        "contentHash": "hRmuReZgWqWqko4RXaGd/DP9L7380+HafHgbR5CMc7AZYmoLpUmeV8O8sgZqJONCbzg1q0Sz8U8Gy99eETpGPA==",
        "dependencies": {
          "Microsoft.Extensions.Configuration": "3.0.3"
        }
      },
      "Microsoft.Extensions.DependencyInjection": {
        "type": "Transitive",
        "resolved": "3.0.3",
        "contentHash": "Vu59TuHl3zoRI8vwK6gQL2EbWI2Qf/uBHFkSJXb4pgNvW7g8yK6Gn3v1bXDIKbMKEneTApriHfCVde0O314K+g==",
        "dependencies": {
          "Microsoft.Extensions.DependencyInjection.Abstractions": "3.0.3"
        }
      },
      "Microsoft.Extensions.DependencyInjection.Abstractions": {
        "type": "Transitive",
        "resolved": "6.0.0",
        "contentHash": "xlzi2IYREJH3/m6+lUrQlujzX8wDitm4QGnUu6kUXTQAWPuZY8i+ticFJbzfqaetLA6KR/rO6Ew/HuYD+bxifg=="
      },
      "Microsoft.Extensions.Http": {
        "type": "Transitive",
        "resolved": "3.0.3",
        "contentHash": "dcyB8szIcSynjVZRuFgqkZpPgTc5zeRSj1HMXSmNqWbHYKiPYJl8ZQgBHz6wmZNSUUNGpCs5uxUg8DZHHDC1Ew==",
        "dependencies": {
          "Microsoft.Extensions.DependencyInjection.Abstractions": "3.0.3",
          "Microsoft.Extensions.Logging": "3.0.3",
          "Microsoft.Extensions.Options": "3.0.3"
        }
      },
      "Microsoft.Extensions.Logging": {
        "type": "Transitive",
        "resolved": "3.0.3",
        "contentHash": "uAZppu6kWIgS+VtVjqmhh+k3bMztwWQR5HYxI++Cn5Kz5m099g0KJ+krUrckaZP9NqIplQu63tPR5YpNWnjLuw==",
        "dependencies": {
          "Microsoft.Extensions.Configuration.Binder": "3.0.3",
          "Microsoft.Extensions.DependencyInjection": "3.0.3",
          "Microsoft.Extensions.Logging.Abstractions": "3.0.3",
          "Microsoft.Extensions.Options": "3.0.3"
        }
      },
      "Microsoft.Extensions.Logging.Abstractions": {
        "type": "Transitive",
        "resolved": "7.0.0",
        "contentHash": "kmn78+LPVMOWeITUjIlfxUPDsI0R6G0RkeAMBmQxAJ7vBJn4q2dTva7pWi65ceN5vPGjJ9q/Uae2WKgvfktJAw=="
      },
      "Microsoft.Extensions.Options": {
        "type": "Transitive",
        "resolved": "6.0.0",
        "contentHash": "dzXN0+V1AyjOe2xcJ86Qbo233KHuLEY0njf/P2Kw8SfJU+d45HNS2ctJdnEnrWbM9Ye2eFgaC5Mj9otRMU6IsQ==",
        "dependencies": {
          "Microsoft.Extensions.DependencyInjection.Abstractions": "6.0.0",
          "Microsoft.Extensions.Primitives": "6.0.0"
        }
      },
      "Microsoft.Extensions.Primitives": {
        "type": "Transitive",
        "resolved": "7.0.0",
        "contentHash": "um1KU5kxcRp3CNuI8o/GrZtD4AIOXDk+RLsytjZ9QPok3ttLUelLKpilVPuaFT3TFjOhSibUAso0odbOaCDj3Q=="
      },
      "Microsoft.NETCore.Platforms": {
        "type": "Transitive",
        "resolved": "3.1.0",
        "contentHash": "z7aeg8oHln2CuNulfhiLYxCVMPEwBl3rzicjvIX+4sUuCwvXw5oXQEtbiU2c0z4qYL5L3Kmx0mMA/+t/SbY67w=="
      },
      "Microsoft.Win32.Registry": {
        "type": "Transitive",
        "resolved": "4.7.0",
        "contentHash": "KSrRMb5vNi0CWSGG1++id2ZOs/1QhRqROt+qgbEAdQuGjGrFcl4AOl4/exGPUYz2wUnU42nvJqon1T3U0kPXLA==",
        "dependencies": {
          "System.Security.AccessControl": "4.7.0",
          "System.Security.Principal.Windows": "4.7.0"
        }
      },
      "Newtonsoft.Json": {
        "type": "Transitive",
        "resolved": "13.0.2",
        "contentHash": "R2pZ3B0UjeyHShm9vG+Tu0EBb2lC8b0dFzV9gVn50ofHXh9Smjk6kTn7A/FdAsC8B5cKib1OnGYOXxRBz5XQDg=="
      },
      "Npgsql": {
        "type": "Transitive",
        "resolved": "7.0.1",
        "contentHash": "+s2gUPA37wDy9B3mE7ZN8xhfnSrf56OCR8ELMZkEbNxk9MyWS54o7ttrngmu7s7/C2ldjAWMdggkpMMPCZsKSg==",
        "dependencies": {
          "Microsoft.Extensions.Logging.Abstractions": "6.0.0"
        }
      },
      "runtime.native.System.Data.SqlClient.sni": {
        "type": "Transitive",
        "resolved": "4.7.0",
        "contentHash": "9kyFSIdN3T0qjDQ2R0HRXYIhS3l5psBzQi6qqhdLz+SzFyEy4sVxNOke+yyYv8Cu8rPER12c3RDjLT8wF3WBYQ==",
        "dependencies": {
          "runtime.win-arm64.runtime.native.System.Data.SqlClient.sni": "4.4.0",
          "runtime.win-x64.runtime.native.System.Data.SqlClient.sni": "4.4.0",
          "runtime.win-x86.runtime.native.System.Data.SqlClient.sni": "4.4.0"
        }
      },
      "runtime.win-arm64.runtime.native.System.Data.SqlClient.sni": {
        "type": "Transitive",
        "resolved": "4.4.0",
        "contentHash": "LbrynESTp3bm5O/+jGL8v0Qg5SJlTV08lpIpFesXjF6uGNMWqFnUQbYBJwZTeua6E/Y7FIM1C54Ey1btLWupdg=="
      },
      "runtime.win-x64.runtime.native.System.Data.SqlClient.sni": {
        "type": "Transitive",
        "resolved": "4.4.0",
        "contentHash": "38ugOfkYJqJoX9g6EYRlZB5U2ZJH51UP8ptxZgdpS07FgOEToV+lS11ouNK2PM12Pr6X/PpT5jK82G3DwH/SxQ=="
      },
      "runtime.win-x86.runtime.native.System.Data.SqlClient.sni": {
        "type": "Transitive",
        "resolved": "4.4.0",
        "contentHash": "YhEdSQUsTx+C8m8Bw7ar5/VesXvCFMItyZF7G1AUY+OM0VPZUOeAVpJ4Wl6fydBGUYZxojTDR3I6Bj/+BPkJNA=="
      },
      "System.Data.SqlClient": {
        "type": "Transitive",
        "resolved": "4.8.5",
        "contentHash": "fRqxut4lrndPHrXD+ht1XRmCL3obuKldm4XjCRYS9p5f7FSR7shBxAwTkDrpFMsHC9BhNgjjmUtiIjvehn5zkg==",
        "dependencies": {
          "Microsoft.Win32.Registry": "4.7.0",
          "System.Security.Principal.Windows": "4.7.0",
          "runtime.native.System.Data.SqlClient.sni": "4.7.0"
        }
      },
      "System.IO.Pipelines": {
        "type": "Transitive",
        "resolved": "5.0.2",
        "contentHash": "Iew+dfa6FFiyvWBdRmXApixRY1db+beyutpIck4SOSe0NLM8FD/7AD54MscqVLhvfSMLHO7KadjTRT7fqxOGTA=="
      },
      "System.Memory": {
        "type": "Transitive",
        "resolved": "4.5.3",
        "contentHash": "3oDzvc/zzetpTKWMShs1AADwZjQ/36HnsufHRPcOjyRAAMLDlu2iD33MBI2opxnezcVUtXyqDXXjoFMOU9c7SA=="
      },
      "System.Security.AccessControl": {
        "type": "Transitive",
        "resolved": "4.7.0",
        "contentHash": "JECvTt5aFF3WT3gHpfofL2MNNP6v84sxtXxpqhLBCcDRzqsPBmHhQ6shv4DwwN2tRlzsUxtb3G9M3763rbXKDg==",
        "dependencies": {
          "Microsoft.NETCore.Platforms": "3.1.0",
          "System.Security.Principal.Windows": "4.7.0"
        }
      },
      "System.Security.Principal.Windows": {
        "type": "Transitive",
        "resolved": "4.7.0",
        "contentHash": "ojD0PX0XhneCsUbAZVKdb7h/70vyYMDYs85lwEI+LngEONe/17A0cFaRFqZU+sOEidcVswYWikYOQ9PPfjlbtQ=="
      },
      "cn.incumbent.domain": {
        "type": "Project",
        "dependencies": {
          "Microsoft.AspNetCore.Http.Features": "[5.0.17, )"
        }
      },
      "cn.incumbent.infrastructure": {
        "type": "Project",
        "dependencies": {
          "AWSSDK.S3": "[3.7.103.36, )",
          "AWSSDK.SecurityToken": "[3.7.102.2, )",
          "AutoMapper": "[12.0.1, )",
          "AutoMapper.Extensions.Microsoft.DependencyInjection": "[12.0.0, )",
          "CN.Incumbent.Domain": "[1.0.0, )",
          "Dapper": "[2.0.123, )",
          "Microsoft.Extensions.Configuration": "[7.0.0, )",
          "Microsoft.Extensions.Logging.Abstractions": "[7.0.0, )",
          "Newtonsoft.Json": "[13.0.2, )",
          "Npgsql": "[7.0.1, )",
          "System.Data.SqlClient": "[4.8.5, )"
        }
      }
    }
  }
}