{
  "version": 1,
  "dependencies": {
    "net7.0": {
      "AutoMapper": {
        "type": "Direct",
        "requested": "[12.0.1, )",
        "resolved": "12.0.1",
        "contentHash": "hvV62vl6Hp/WfQ24yzo3Co9+OPl8wH8hApwVtgWpiAynVJkUcs7xvehnSftawL8Pe8FrPffBRM3hwzLQqWDNjA==",
        "dependencies": {
          "Microsoft.CSharp": "4.7.0"
        }
      },
      "AutoMapper.Extensions.Microsoft.DependencyInjection": {
        "type": "Direct",
        "requested": "[12.0.0, )",
        "resolved": "12.0.0",
        "contentHash": "XCJ4E3oKrbRl1qY9Mr+7uyC0xZj1+bqQjmQRWTiTKiVuuXTny+7YFWHi20tPjwkMukLbicN6yGlDy5PZ4wyi1w==",
        "dependencies": {
          "AutoMapper": "12.0.0",
          "Microsoft.Extensions.Options": "6.0.0"
        }
      },
      "Microsoft.AspNetCore.Authentication.JwtBearer": {
        "type": "Direct",
        "requested": "[7.0.2, )",
        "resolved": "7.0.2",
        "contentHash": "sErKh1ZM3Ye1Lib8aWjexf1M5Ne0wptmR8Rr2p/7w1bXyi0kSHnYsVjdEsZGKHE12wNu+g3Zu6TLsKAVEyGYNw==",
        "dependencies": {
          "Microsoft.IdentityModel.Protocols.OpenIdConnect": "6.15.1"
        }
      },
      "Microsoft.AspNetCore.Mvc.NewtonsoftJson": {
        "type": "Direct",
        "requested": "[7.0.10, )",
        "resolved": "7.0.10",
        "contentHash": "gw7EIk781pkA1msOgMz41vJOLbEAHUywtXGj/TydY2c+NvNJxl/m3UMTN/nYv26g4Q2SmU+fxxjNKBFQ8/2rzw==",
        "dependencies": {
          "Microsoft.AspNetCore.JsonPatch": "7.0.10",
          "Newtonsoft.Json": "13.0.1",
          "Newtonsoft.Json.Bson": "1.0.2"
        }
      },
      "Microsoft.Identity.Web": {
        "type": "Direct",
        "requested": "[1.25.10, )",
        "resolved": "1.25.10",
        "contentHash": "AxYlRSnT0xBwwoX/y5FtYh56UFgtjk5g4B2Ae2gXJIfNX/zJCZzQeaoVTiTtnL2CWoGmKj0gdya2HAN1KmhliQ==",
        "dependencies": {
          "Microsoft.AspNetCore.Authentication.JwtBearer": "5.0.12",
          "Microsoft.AspNetCore.Authentication.OpenIdConnect": "5.0.12",
          "Microsoft.Identity.Web.Certificate": "1.25.10",
          "Microsoft.Identity.Web.Certificateless": "1.25.10",
          "Microsoft.Identity.Web.TokenCache": "1.25.10",
          "Microsoft.IdentityModel.Logging": "6.25.1",
          "Microsoft.IdentityModel.LoggingExtensions": "6.25.1",
          "Microsoft.IdentityModel.Protocols.OpenIdConnect": "6.25.1",
          "Microsoft.IdentityModel.Validators": "6.25.1",
          "System.Drawing.Common": "4.7.2",
          "System.IdentityModel.Tokens.Jwt": "6.25.1"
        }
      },
      "Microsoft.VisualStudio.Azure.Containers.Tools.Targets": {
        "type": "Direct",
        "requested": "[1.17.0, )",
        "resolved": "1.17.0",
        "contentHash": "gfDtAL1WhkjbRdbZlt/ZeQYCbgRpNCZCGj+yeqHObsNFRDHjq8qZJOX9AyTxJpSRYMi9SJk7JDyAbbVYRgEhAA=="
      },
      "Newtonsoft.Json": {
        "type": "Direct",
        "requested": "[13.0.3, )",
        "resolved": "13.0.3",
        "contentHash": "HrC5BXdl00IP9zeV+0Z848QWPAoCr9P3bDEZguI+gkLcBKAOxix/tLEAAHC+UvDNPv4a2d18lOReHMOagPa+zQ=="
      },
      "Swashbuckle.AspNetCore": {
        "type": "Direct",
        "requested": "[6.5.0, )",
        "resolved": "6.5.0",
        "contentHash": "FK05XokgjgwlCI6wCT+D4/abtQkL1X1/B9Oas6uIwHFmYrIO9WUD5aLC9IzMs9GnHfUXOtXZ2S43gN1mhs5+aA==",
        "dependencies": {
          "Microsoft.Extensions.ApiDescription.Server": "6.0.5",
          "Swashbuckle.AspNetCore.Swagger": "6.5.0",
          "Swashbuckle.AspNetCore.SwaggerGen": "6.5.0",
          "Swashbuckle.AspNetCore.SwaggerUI": "6.5.0"
        }
      },
      "AWSSDK.Core": {
        "type": "Transitive",
        "resolved": "3.7.103.21",
        "contentHash": "D8Ix0+cecXhEzMxG8we8Q1jjklt2OffCcwNb/Y3C3Zk3IPwgr+fXyEQS9GZxr+4ppR/Ei1E9A9biZQLjJiDcow=="
      },
      "AWSSDK.S3": {
        "type": "Transitive",
        "resolved": "3.7.101.59",
        "contentHash": "zSmca6SJQaiqVtFzb0KBeazoh+VaxW7gsNqAi47jSuWJ9WWuQlriEcNgKeSvdC5Sbn41ajWi/cHGF8OkbExmAw==",
        "dependencies": {
          "AWSSDK.Core": "[3.7.103.21, 4.0.0)"
        }
      },
      "Azure.Core": {
        "type": "Transitive",
        "resolved": "1.6.0",
        "contentHash": "kI4m2NsODPOrxo0OoKjk6B3ADbdovhDQIEmI4039upjjZKRaewVLx/Uz4DfRa/NtnIRZQPUALe1yvdHWAoRt4w==",
        "dependencies": {
          "Microsoft.Bcl.AsyncInterfaces": "1.0.0",
          "System.Buffers": "4.5.0",
          "System.Diagnostics.DiagnosticSource": "4.6.0",
          "System.Memory": "4.5.3",
          "System.Numerics.Vectors": "4.5.0",
          "System.Text.Json": "4.6.0",
          "System.Threading.Tasks.Extensions": "4.5.2"
        }
      },
      "Azure.Identity": {
        "type": "Transitive",
        "resolved": "1.3.0",
        "contentHash": "l1SYfZKOFBuUFG7C2SWHmJcrQQaiXgBdVCycx4vcZQkC6efDVt7mzZ5pfJAFEJDBUq7mjRQ0RPq9ZDGdSswqMg==",
        "dependencies": {
          "Azure.Core": "1.6.0",
          "Microsoft.Identity.Client": "4.22.0",
          "Microsoft.Identity.Client.Extensions.Msal": "2.16.5",
          "System.Memory": "4.5.3",
          "System.Security.Cryptography.ProtectedData": "4.5.0",
          "System.Text.Json": "4.6.0",
          "System.Threading.Tasks.Extensions": "4.5.2"
        }
      },
      "Azure.Security.KeyVault.Certificates": {
        "type": "Transitive",
        "resolved": "4.1.0",
        "contentHash": "I+irkjO1JBzJWYBLhW835/b7GllxkjMbQwrirhxUJsf6FQnH+eIGin4T/jBLgyuu1zPsn2AxiUFju6Shb/uiNA==",
        "dependencies": {
          "Azure.Core": "1.0.2",
          "System.Memory": "4.5.3",
          "System.Text.Json": "4.6.0",
          "System.Threading.Tasks.Extensions": "4.5.2"
        }
      },
      "Azure.Security.KeyVault.Secrets": {
        "type": "Transitive",
        "resolved": "4.1.0",
        "contentHash": "SK4XTPEaXI5UTdtSkr8TN4ZKnvazNHhybnnkxHgOyRAhV9ObcIjbrNlhS4ZeR8XtI+HidL+v/WIIVfR1+jKB8Q==",
        "dependencies": {
          "Azure.Core": "1.0.2",
          "System.Memory": "4.5.3",
          "System.Text.Json": "4.6.0",
          "System.Threading.Tasks.Extensions": "4.5.2"
        }
      },
      "BitMiracle.LibTiff.NET": {
        "type": "Transitive",
        "resolved": "2.4.649",
        "contentHash": "XCEdfCphKo0UAvSg1h/OzOFWtjkIGnPMAziYkNqV7NVrqb/tZJTBxJhxIEX7gpvQwg8GIRYt133SUncfkKfjLA=="
      },
      "Dapper": {
        "type": "Transitive",
        "resolved": "2.0.123",
        "contentHash": "RDFF4rBLLmbpi6pwkY7q/M6UXHRJEOerplDGE5jwEkP/JGJnBauAClYavNKJPW1yOTWRPIyfj4is3EaJxQXILQ=="
      },
      "Google.Protobuf": {
        "type": "Transitive",
        "resolved": "3.22.3",
        "contentHash": "uyWJZTS0N3gw35jtm/++1jAJNPkFP92QYdxgiC0yv8vQaOi8gaJZ8PhCnjmN6JbobJcCFPBd0cGkmCh6QYOt6Q=="
      },
      "Grpc": {
        "type": "Transitive",
        "resolved": "2.46.6",
        "contentHash": "vpC39vgCxbVBnsn8boeQv2aGIdEFqQMnjsoDvyYfr6tC93Fe9KqNG1mAiF6KLzJTwk6aiWHGNYE2EqmDUzk5ng==",
        "dependencies": {
          "Grpc.Core": "2.46.6"
        }
      },
      "Grpc.Core": {
        "type": "Transitive",
        "resolved": "2.46.6",
        "contentHash": "ZoRg3KmOJ2urTF4+u3H0b1Yv10xzz2Y/flFWS2tnRmj8dbKLeiJaSRqu4LOBD3ova90evqLkVZ85kUkC4JT4lw==",
        "dependencies": {
          "Grpc.Core.Api": "2.46.6",
          "System.Memory": "4.5.3"
        }
      },
      "Grpc.Core.Api": {
        "type": "Transitive",
        "resolved": "2.51.0",
        "contentHash": "WUYCnxZKfdBWCKNs08lWFRoTjESt3iyFDthsZu5KcWguZ4OnnXrTu/K5mIdO+R9dUhuw5Xm1ygUrI1e2q8d1YA==",
        "dependencies": {
          "System.Memory": "4.5.3"
        }
      },
      "Grpc.Net.Client": {
        "type": "Transitive",
        "resolved": "2.51.0",
        "contentHash": "6XybyqUGn5+8UTMRKAfbM+aXagR3qxHROIEeFyul5gvh/dF3UqpnpnTkcRKIae4n5+Bt8j1J1VdNqYyEvYoYyg==",
        "dependencies": {
          "Grpc.Net.Common": "2.51.0",
          "Microsoft.Extensions.Logging.Abstractions": "3.0.3"
        }
      },
      "Grpc.Net.ClientFactory": {
        "type": "Transitive",
        "resolved": "2.51.0",
        "contentHash": "FB4do8BgRYgnFvm/KDZf/VJTjyW5km9PrPcrrd5zVLBI0B7gF/N7w8mBNwcs2yrU1U93t9WilA7v+GWd77BLdA==",
        "dependencies": {
          "Grpc.Net.Client": "2.51.0",
          "Microsoft.Extensions.Http": "3.0.3"
        }
      },
      "Grpc.Net.Common": {
        "type": "Transitive",
        "resolved": "2.51.0",
        "contentHash": "lAymSKjOHFopWt7RAF/Rxkf7SKGZaj+tJdabcnobm6XkdHX1zIQdkByeqIwmJesDbbCTpLEae6oSrn4eWWE9TQ==",
        "dependencies": {
          "Grpc.Core.Api": "2.51.0"
        }
      },
      "IronPdf": {
        "type": "Transitive",
        "resolved": "2023.8.6",
        "contentHash": "6S+z9ApRlU0Zv5iq2i6MlzjtWB/+cbPLhzhL4PbZ4e0bP2bHFTfQzRRFFsaON7O0EDmQL0kBHpgLK8pbNfihTQ==",
        "dependencies": {
          "IronPdf.Native.Chrome.Windows": "[2023.8.17287, 2023.9.0)",
          "IronPdf.Slim": "[2023.8.6]",
          "IronSoftware.Native.PdfModel": "[2023.8.17287, 2023.9.0)"
        }
      },
      "IronPdf.Linux": {
        "type": "Transitive",
        "resolved": "2023.8.6",
        "contentHash": "28avafQhyc7TfuC3RaTtKO9+M7QTaXlB5F0JgEl4R1vZyTynp1CBhj0FUYtbEdGup4kMXSZwFo+yJSbN1mE5ag==",
        "dependencies": {
          "IronPdf.Native.Chrome.Linux": "[2023.8.17287, 2023.9.0)",
          "IronPdf.Slim": "[2023.8.6]",
          "IronSoftware.Native.PdfModel": "[2023.8.17287, 2023.9.0)"
        }
      },
      "IronPdf.Native.Chrome.Linux": {
        "type": "Transitive",
        "resolved": "2023.8.17287",
        "contentHash": "scMvllBGbVjCQ+fJ2FD79KHkJSyBFsqEYxjO/6LcqWni+izpvYGDg21H2taXVEtOiUzjmR3dvrlQm/evpqQPBg=="
      },
      "IronPdf.Native.Chrome.Windows": {
        "type": "Transitive",
        "resolved": "2023.8.17287",
        "contentHash": "yt7D4nZB/XJiqiA2O3rVYV3o3HYVwBJshSHu5K1j2Fw0cDMlq94GVuqk0UQbgjX0bkhMn57/iynKeGq5PN5gag=="
      },
      "IronPdf.Slim": {
        "type": "Transitive",
        "resolved": "2023.8.6",
        "contentHash": "Og6ECyEWaNMvSpTFMcZu3bQOCCarlwzYHm1Vdaf0f4qLUetrV18R0LgcSP7X5hgqHWeZhvZHtP9PORFFOijIBg==",
        "dependencies": {
          "Google.Protobuf": "3.22.3",
          "Grpc": "2.46.6",
          "IronSoftware.System.Drawing": "2023.7.1",
          "Microsoft.Extensions.Logging.Abstractions": "6.0.0",
          "System.Configuration.ConfigurationManager": "6.0.0",
          "System.Drawing.Common": "6.0.0",
          "System.Runtime.CompilerServices.Unsafe": "6.0.0"
        }
      },
      "IronSoftware.Native.PdfModel": {
        "type": "Transitive",
        "resolved": "2023.8.17287",
        "contentHash": "CCqCL/QqFxyMG3gmBmEMcm8Pqws48rNWDQ/F1hWETp/o1Kri2K4KNuatzxKyAtDfQ/NVnOd13ryx07co/kMYgQ=="
      },
      "IronSoftware.System.Drawing": {
        "type": "Transitive",
        "resolved": "2023.7.1",
        "contentHash": "gaEJgK31E+4tt33WQNkxk3kK9IyDK8eZapPK2GIc0sG6toauI0rP4PC3e1J/Hf6fQ83rD4HlCHe4VVjVkE++Lg==",
        "dependencies": {
          "BitMiracle.LibTiff.NET": "2.4.649",
          "SixLabors.ImageSharp": "3.0.0",
          "System.Memory": "4.5.5"
        }
      },
      "Microsoft.AspNetCore.Authentication.OpenIdConnect": {
        "type": "Transitive",
        "resolved": "5.0.12",
        "contentHash": "YtPrKHTie1TZeqnlbIKAEU51alFD+SCvTIu2L2no+UGStU5RzEqRuJvVfe+aP9tSrJE+Wyy+YdUqZLtA9QfkHg==",
        "dependencies": {
          "Microsoft.IdentityModel.Protocols.OpenIdConnect": "6.7.1"
        }
      },
      "Microsoft.AspNetCore.Cryptography.Internal": {
        "type": "Transitive",
        "resolved": "5.0.8",
        "contentHash": "giHheyNLOb+cAHpb8b0GhaS0xJ+hAIIDSyWPe5aOPwpgctsjOPRKFyn/268xv+zBVuEtyRJJEnBUlkOVzyIpZA=="
      },
      "Microsoft.AspNetCore.DataProtection": {
        "type": "Transitive",
        "resolved": "5.0.8",
        "contentHash": "wCMdfuKA+ePcB4nEDau5tNhhhC5NFa2LEXoRhk2Xaot13FFlyKA4t5UzIyV/OnAfB/bqbAIvChJD+biWY7u5SA==",
        "dependencies": {
          "Microsoft.AspNetCore.Cryptography.Internal": "5.0.8",
          "Microsoft.AspNetCore.DataProtection.Abstractions": "5.0.8",
          "Microsoft.Extensions.DependencyInjection.Abstractions": "5.0.0",
          "Microsoft.Extensions.Hosting.Abstractions": "5.0.0",
          "Microsoft.Extensions.Logging.Abstractions": "5.0.0",
          "Microsoft.Extensions.Options": "5.0.0",
          "Microsoft.Win32.Registry": "5.0.0",
          "System.Security.Cryptography.Xml": "5.0.0"
        }
      },
      "Microsoft.AspNetCore.DataProtection.Abstractions": {
        "type": "Transitive",
        "resolved": "5.0.8",
        "contentHash": "ZI9S2NGjuOKXN3PxJcF8EKVwd1cqpWyUSqiVoH8gqq5tlHaXULwPmoR0DBOFON4sEFETRWI69f5RQ3tJWw205A=="
      },
      "Microsoft.AspNetCore.JsonPatch": {
        "type": "Transitive",
        "resolved": "7.0.10",
        "contentHash": "ZLt5XeTIQhv6yiFa+JdnyxokaQOi3UCV7nVOs8iTrjVvUZW0tYZl0V33ewXr/upFaL2bg5o8F6q2bjwrsbtoaw==",
        "dependencies": {
          "Microsoft.CSharp": "4.7.0",
          "Newtonsoft.Json": "13.0.1"
        }
      },
      "Microsoft.Bcl.AsyncInterfaces": {
        "type": "Transitive",
        "resolved": "1.0.0",
        "contentHash": "K63Y4hORbBcKLWH5wnKgzyn7TOfYzevIEwIedQHBIkmkEBA9SCqgvom+XTuE+fAFGvINGkhFItaZ2dvMGdT5iw=="
      },
      "Microsoft.CSharp": {
        "type": "Transitive",
        "resolved": "4.7.0",
        "contentHash": "pTj+D3uJWyN3My70i2Hqo+OXixq3Os2D1nJ2x92FFo6sk8fYS1m1WLNTs0Dc1uPaViH0YvEEwvzddQ7y4rhXmA=="
      },
      "Microsoft.Extensions.ApiDescription.Server": {
        "type": "Transitive",
        "resolved": "6.0.5",
        "contentHash": "Ckb5EDBUNJdFWyajfXzUIMRkhf52fHZOQuuZg/oiu8y7zDCVwD0iHhew6MnThjHmevanpxL3f5ci2TtHQEN6bw=="
      },
      "Microsoft.Extensions.Caching.Abstractions": {
        "type": "Transitive",
        "resolved": "5.0.0",
        "contentHash": "bu8As90/SBAouMZ6fJ+qRNo1X+KgHGrVueFhhYi+E5WqEhcnp2HoWRFnMzXQ6g4RdZbvPowFerSbKNH4Dtg5yg==",
        "dependencies": {
          "Microsoft.Extensions.Primitives": "5.0.0"
        }
      },
      "Microsoft.Extensions.Caching.Memory": {
        "type": "Transitive",
        "resolved": "5.0.0",
        "contentHash": "/1qPCleFOkJe0O+xmFqCNLFYQZTJz965sVw8CUB/BQgsApBwzAUsL2BUkDvQW+geRUVTXUS9zLa0pBjC2VJ1gA==",
        "dependencies": {
          "Microsoft.Extensions.Caching.Abstractions": "5.0.0",
          "Microsoft.Extensions.DependencyInjection.Abstractions": "5.0.0",
          "Microsoft.Extensions.Logging.Abstractions": "5.0.0",
          "Microsoft.Extensions.Options": "5.0.0",
          "Microsoft.Extensions.Primitives": "5.0.0"
        }
      },
      "Microsoft.Extensions.Configuration": {
        "type": "Transitive",
        "resolved": "7.0.0",
        "contentHash": "tldQUBWt/xeH2K7/hMPPo5g8zuLc3Ro9I5d4o/XrxvxOCA2EZBtW7bCHHTc49fcBtvB8tLAb/Qsmfrq+2SJ4vA==",
        "dependencies": {
          "Microsoft.Extensions.Configuration.Abstractions": "7.0.0",
          "Microsoft.Extensions.Primitives": "7.0.0"
        }
      },
      "Microsoft.Extensions.Configuration.Abstractions": {
        "type": "Transitive",
        "resolved": "7.0.0",
        "contentHash": "f34u2eaqIjNO9YLHBz8rozVZ+TcFiFs0F3r7nUJd7FRkVSxk8u4OpoK226mi49MwexHOR2ibP9MFvRUaLilcQQ==",
        "dependencies": {
          "Microsoft.Extensions.Primitives": "7.0.0"
        }
      },
      "Microsoft.Extensions.DependencyInjection": {
        "type": "Transitive",
        "resolved": "5.0.0",
        "contentHash": "Rc2kb/p3Ze6cP6rhFC3PJRdWGbLvSHZc0ev7YlyeU6FmHciDMLrhoVoTUEzKPhN5ZjFgKF1Cf5fOz8mCMIkvpA==",
        "dependencies": {
          "Microsoft.Extensions.DependencyInjection.Abstractions": "5.0.0"
        }
      },
      "Microsoft.Extensions.DependencyInjection.Abstractions": {
        "type": "Transitive",
        "resolved": "6.0.0",
        "contentHash": "xlzi2IYREJH3/m6+lUrQlujzX8wDitm4QGnUu6kUXTQAWPuZY8i+ticFJbzfqaetLA6KR/rO6Ew/HuYD+bxifg=="
      },
      "Microsoft.Extensions.FileProviders.Abstractions": {
        "type": "Transitive",
        "resolved": "5.0.0",
        "contentHash": "iuZIiZ3mteEb+nsUqpGXKx2cGF+cv6gWPd5jqQI4hzqdiJ6I94ddLjKhQOuRW1lueHwocIw30xbSHGhQj0zjdQ==",
        "dependencies": {
          "Microsoft.Extensions.Primitives": "5.0.0"
        }
      },
      "Microsoft.Extensions.Hosting.Abstractions": {
        "type": "Transitive",
        "resolved": "5.0.0",
        "contentHash": "cbUOCePYBl1UhM+N2zmDSUyJ6cODulbtUd9gEzMFIK3RQDtP/gJsE08oLcBSXH3Q1RAQ0ex7OAB3HeTKB9bXpg==",
        "dependencies": {
          "Microsoft.Extensions.Configuration.Abstractions": "5.0.0",
          "Microsoft.Extensions.DependencyInjection.Abstractions": "5.0.0",
          "Microsoft.Extensions.FileProviders.Abstractions": "5.0.0"
        }
      },
      "Microsoft.Extensions.Http": {
        "type": "Transitive",
        "resolved": "3.0.3",
        "contentHash": "dcyB8szIcSynjVZRuFgqkZpPgTc5zeRSj1HMXSmNqWbHYKiPYJl8ZQgBHz6wmZNSUUNGpCs5uxUg8DZHHDC1Ew==",
        "dependencies": {
          "Microsoft.Extensions.DependencyInjection.Abstractions": "3.0.3",
          "Microsoft.Extensions.Logging": "3.0.3",
          "Microsoft.Extensions.Options": "3.0.3"
        }
      },
      "Microsoft.Extensions.Logging": {
        "type": "Transitive",
        "resolved": "5.0.0",
        "contentHash": "MgOwK6tPzB6YNH21wssJcw/2MKwee8b2gI7SllYfn6rvTpIrVvVS5HAjSU2vqSku1fwqRvWP0MdIi14qjd93Aw==",
        "dependencies": {
          "Microsoft.Extensions.DependencyInjection": "5.0.0",
          "Microsoft.Extensions.DependencyInjection.Abstractions": "5.0.0",
          "Microsoft.Extensions.Logging.Abstractions": "5.0.0",
          "Microsoft.Extensions.Options": "5.0.0"
        }
      },
      "Microsoft.Extensions.Logging.Abstractions": {
        "type": "Transitive",
        "resolved": "7.0.0",
        "contentHash": "kmn78+LPVMOWeITUjIlfxUPDsI0R6G0RkeAMBmQxAJ7vBJn4q2dTva7pWi65ceN5vPGjJ9q/Uae2WKgvfktJAw=="
      },
      "Microsoft.Extensions.Options": {
        "type": "Transitive",
        "resolved": "6.0.0",
        "contentHash": "dzXN0+V1AyjOe2xcJ86Qbo233KHuLEY0njf/P2Kw8SfJU+d45HNS2ctJdnEnrWbM9Ye2eFgaC5Mj9otRMU6IsQ==",
        "dependencies": {
          "Microsoft.Extensions.DependencyInjection.Abstractions": "6.0.0",
          "Microsoft.Extensions.Primitives": "6.0.0"
        }
      },
      "Microsoft.Extensions.Primitives": {
        "type": "Transitive",
        "resolved": "7.0.0",
        "contentHash": "um1KU5kxcRp3CNuI8o/GrZtD4AIOXDk+RLsytjZ9QPok3ttLUelLKpilVPuaFT3TFjOhSibUAso0odbOaCDj3Q=="
      },
      "Microsoft.Identity.Client": {
        "type": "Transitive",
        "resolved": "4.46.0",
        "contentHash": "cqNAIELaUypwWvTwnC3MdsccaSpEpVR10WBQ7+e33iSkceeC1kum6aTEwe2m8z4ZdnzlvEMH+dBbXBHMLCy+fQ==",
        "dependencies": {
          "Microsoft.IdentityModel.Abstractions": "6.18.0"
        }
      },
      "Microsoft.Identity.Client.Extensions.Msal": {
        "type": "Transitive",
        "resolved": "2.16.5",
        "contentHash": "VlGUZEpF8KP/GCfFI59sdE0WA0o9quqwM1YQY0dSp6jpGy5EOBkureaybLfpwCuYUUjQbLkN2p7neUIcQCfbzA==",
        "dependencies": {
          "Microsoft.Identity.Client": "4.22.0",
          "System.Security.Cryptography.ProtectedData": "4.5.0"
        }
      },
      "Microsoft.Identity.Web.Certificate": {
        "type": "Transitive",
        "resolved": "1.25.10",
        "contentHash": "c4nBgFzzzen5BJotFGAAuvlkfrBNpF4X54fNSIfi6cdRFa0NS4Gg3z1vdMNf3ovT4vAeMl8Eaj0EzpF4hsDnNA==",
        "dependencies": {
          "Azure.Identity": "1.3.0",
          "Azure.Security.KeyVault.Certificates": "4.1.0",
          "Azure.Security.KeyVault.Secrets": "4.1.0"
        }
      },
      "Microsoft.Identity.Web.Certificateless": {
        "type": "Transitive",
        "resolved": "1.25.10",
        "contentHash": "F5tq55iWWTuvrQEAFrE46r9ur3dJYHvWQfguehoTY7R5NYXy8GNbHNzcV7yLTmgi+fxdVqVif95euo0DhkSBCQ==",
        "dependencies": {
          "Azure.Identity": "1.3.0"
        }
      },
      "Microsoft.Identity.Web.TokenCache": {
        "type": "Transitive",
        "resolved": "1.25.10",
        "contentHash": "UE1dM1A19ctjQfc7oibrHqsnwTkTJNxxrzorswxz/P/b8J8VLPgZaP7CIDCYFJF1i5aUWs2V1E5DxOjA6wp/mg==",
        "dependencies": {
          "Microsoft.AspNetCore.DataProtection": "5.0.8",
          "Microsoft.Extensions.Caching.Memory": "5.0.0",
          "Microsoft.Extensions.Logging": "5.0.0",
          "Microsoft.Identity.Client": "4.46.0",
          "System.Drawing.Common": "4.7.2",
          "System.Security.Cryptography.Xml": "6.0.1"
        }
      },
      "Microsoft.IdentityModel.Abstractions": {
        "type": "Transitive",
        "resolved": "6.25.1",
        "contentHash": "B/WteJwwEuSu4MzTe30w0zfBUi5H9yWiAHACLT5WhLcuyY6WmU82TXY+g55E665/CMxhPCMsPit6Q5PiPBh60w=="
      },
      "Microsoft.IdentityModel.JsonWebTokens": {
        "type": "Transitive",
        "resolved": "6.25.1",
        "contentHash": "xjv7HnGR/b2eU97du1q7aoFWfZUn8mV4lk5XxhEw00DesfXYnehGSnqMCeyMojMbUXckbxVbdbAI0AuWk8FCFw==",
        "dependencies": {
          "Microsoft.IdentityModel.Tokens": "6.25.1",
          "System.Text.Encoding": "4.3.0",
          "System.Text.Json": "4.7.2"
        }
      },
      "Microsoft.IdentityModel.Logging": {
        "type": "Transitive",
        "resolved": "6.25.1",
        "contentHash": "ymv/f8a65m7im+BXTK18XZzFB+x9IIP4l7rEeQ39VH8N5ZxAFTF6J6Nh0lX9Kzr7pWE+CmSd5+TBw0KTohn5CQ==",
        "dependencies": {
          "Microsoft.IdentityModel.Abstractions": "6.25.1"
        }
      },
      "Microsoft.IdentityModel.LoggingExtensions": {
        "type": "Transitive",
        "resolved": "6.25.1",
        "contentHash": "5Q/HYAja78q+J5K2THoU9xvvHrWiT7rsn7glu7znALioI8JoBpB8sCSmY2TQJyLWRvQiYSzqO05Oy7wkbvPHbA==",
        "dependencies": {
          "Microsoft.Extensions.Logging.Abstractions": "2.1.1",
          "Microsoft.IdentityModel.Abstractions": "6.25.1"
        }
      },
      "Microsoft.IdentityModel.Protocols": {
        "type": "Transitive",
        "resolved": "6.25.1",
        "contentHash": "85PjYJgFVVt41hazeDORt6S9SYL7LUwCboMpVb1lBC9ZQImmKd5gJmw/caKkEuwOnmHC4Kshc4V6lc/N1DRt6A==",
        "dependencies": {
          "Microsoft.IdentityModel.Logging": "6.25.1",
          "Microsoft.IdentityModel.Tokens": "6.25.1"
        }
      },
      "Microsoft.IdentityModel.Protocols.OpenIdConnect": {
        "type": "Transitive",
        "resolved": "6.25.1",
        "contentHash": "76V4JybOnp1mk4fVe6QtM20g+svEzzfEFivFVyA7Z0jvUDLApyZbnBDAb3H/0gDfPWf9kKkfe7onsppLOFN05A==",
        "dependencies": {
          "Microsoft.IdentityModel.Protocols": "6.25.1",
          "System.IdentityModel.Tokens.Jwt": "6.25.1"
        }
      },
      "Microsoft.IdentityModel.Tokens": {
        "type": "Transitive",
        "resolved": "6.25.1",
        "contentHash": "QY6V5wMCh+9dcaZnfM2wxlhAbtGLcEy8Mlo7WHQpwM9bNmfuu0P+h+J39zZ46O81yQlT1qZp759LQvlDsNe8dg==",
        "dependencies": {
          "Microsoft.CSharp": "4.5.0",
          "Microsoft.IdentityModel.Logging": "6.25.1",
          "System.Security.Cryptography.Cng": "4.5.0"
        }
      },
      "Microsoft.IdentityModel.Validators": {
        "type": "Transitive",
        "resolved": "6.25.1",
        "contentHash": "wC2j0erf7LNW+qsZHCMFlsHtXMgGJSI17MwfJgi2L8sL4mtct/2CJnfarixB8OcPdU0NBE92isBOutgZ4LtRmw==",
        "dependencies": {
          "Microsoft.IdentityModel.Protocols": "6.25.1",
          "Microsoft.IdentityModel.Protocols.OpenIdConnect": "6.25.1",
          "System.IdentityModel.Tokens.Jwt": "6.25.1"
        }
      },
      "Microsoft.NETCore.Platforms": {
        "type": "Transitive",
        "resolved": "1.1.0",
        "contentHash": "kz0PEW2lhqygehI/d6XsPCQzD7ff7gUJaVGPVETX611eadGsA3A877GdSlU0LRVMCTH/+P3o2iDTak+S08V2+A=="
      },
      "Microsoft.NETCore.Targets": {
        "type": "Transitive",
        "resolved": "1.1.0",
        "contentHash": "aOZA3BWfz9RXjpzt0sRJJMjAscAUm3Hoa4UWAfceV9UTYxgwZ1lZt5nO2myFf+/jetYQo4uTP7zS8sJY67BBxg=="
      },
      "Microsoft.OpenApi": {
        "type": "Transitive",
        "resolved": "1.2.3",
        "contentHash": "Nug3rO+7Kl5/SBAadzSMAVgqDlfGjJZ0GenQrLywJ84XGKO0uRqkunz5Wyl0SDwcR71bAATXvSdbdzPrYRYKGw=="
      },
      "Microsoft.Win32.Registry": {
        "type": "Transitive",
        "resolved": "5.0.0",
        "contentHash": "dDoKi0PnDz31yAyETfRntsLArTlVAVzUzCIvvEDsDsucrl33Dl8pIJG06ePTJTI3tGpeyHS9Cq7Foc/s4EeKcg==",
        "dependencies": {
          "System.Security.AccessControl": "5.0.0",
          "System.Security.Principal.Windows": "5.0.0"
        }
      },
      "Microsoft.Win32.SystemEvents": {
        "type": "Transitive",
        "resolved": "6.0.0",
        "contentHash": "hqTM5628jSsQiv+HGpiq3WKBl2c8v1KZfby2J6Pr7pEPlK9waPdgEO6b8A/+/xn/yZ9ulv8HuqK71ONy2tg67A=="
      },
      "Newtonsoft.Json.Bson": {
        "type": "Transitive",
        "resolved": "1.0.2",
        "contentHash": "QYFyxhaABwmq3p/21VrZNYvCg3DaEoN/wUuw5nmfAf0X3HLjgupwhkEWdgfb9nvGAUIv3osmZoD3kKl4jxEmYQ==",
        "dependencies": {
          "Newtonsoft.Json": "12.0.1"
        }
      },
      "Npgsql": {
        "type": "Transitive",
        "resolved": "7.0.1",
        "contentHash": "+s2gUPA37wDy9B3mE7ZN8xhfnSrf56OCR8ELMZkEbNxk9MyWS54o7ttrngmu7s7/C2ldjAWMdggkpMMPCZsKSg==",
        "dependencies": {
          "Microsoft.Extensions.Logging.Abstractions": "6.0.0"
        }
      },
      "runtime.native.System.Data.SqlClient.sni": {
        "type": "Transitive",
        "resolved": "4.7.0",
        "contentHash": "9kyFSIdN3T0qjDQ2R0HRXYIhS3l5psBzQi6qqhdLz+SzFyEy4sVxNOke+yyYv8Cu8rPER12c3RDjLT8wF3WBYQ==",
        "dependencies": {
          "runtime.win-arm64.runtime.native.System.Data.SqlClient.sni": "4.4.0",
          "runtime.win-x64.runtime.native.System.Data.SqlClient.sni": "4.4.0",
          "runtime.win-x86.runtime.native.System.Data.SqlClient.sni": "4.4.0"
        }
      },
      "runtime.win-arm64.runtime.native.System.Data.SqlClient.sni": {
        "type": "Transitive",
        "resolved": "4.4.0",
        "contentHash": "LbrynESTp3bm5O/+jGL8v0Qg5SJlTV08lpIpFesXjF6uGNMWqFnUQbYBJwZTeua6E/Y7FIM1C54Ey1btLWupdg=="
      },
      "runtime.win-x64.runtime.native.System.Data.SqlClient.sni": {
        "type": "Transitive",
        "resolved": "4.4.0",
        "contentHash": "38ugOfkYJqJoX9g6EYRlZB5U2ZJH51UP8ptxZgdpS07FgOEToV+lS11ouNK2PM12Pr6X/PpT5jK82G3DwH/SxQ=="
      },
      "runtime.win-x86.runtime.native.System.Data.SqlClient.sni": {
        "type": "Transitive",
        "resolved": "4.4.0",
        "contentHash": "YhEdSQUsTx+C8m8Bw7ar5/VesXvCFMItyZF7G1AUY+OM0VPZUOeAVpJ4Wl6fydBGUYZxojTDR3I6Bj/+BPkJNA=="
      },
      "SixLabors.ImageSharp": {
        "type": "Transitive",
        "resolved": "3.0.0",
        "contentHash": "ETEHRfUAn/rExqdmj2GDayPkW9zr3BruO9S4WF9ULpWmdydewIjoJqinbQc+o4DsM3X0wGZPyJLlj6N3uxV/aw=="
      },
      "Swashbuckle.AspNetCore.Swagger": {
        "type": "Transitive",
        "resolved": "6.5.0",
        "contentHash": "XWmCmqyFmoItXKFsQSwQbEAsjDKcxlNf1l+/Ki42hcb6LjKL8m5Db69OTvz5vLonMSRntYO1XLqz0OP+n3vKnA==",
        "dependencies": {
          "Microsoft.OpenApi": "1.2.3"
        }
      },
      "Swashbuckle.AspNetCore.SwaggerGen": {
        "type": "Transitive",
        "resolved": "6.5.0",
        "contentHash": "Y/qW8Qdg9OEs7V013tt+94OdPxbRdbhcEbw4NiwGvf4YBcfhL/y7qp/Mjv/cENsQ2L3NqJ2AOu94weBy/h4KvA==",
        "dependencies": {
          "Swashbuckle.AspNetCore.Swagger": "6.5.0"
        }
      },
      "Swashbuckle.AspNetCore.SwaggerUI": {
        "type": "Transitive",
        "resolved": "6.5.0",
        "contentHash": "OvbvxX+wL8skxTBttcBsVxdh73Fag4xwqEU2edh4JMn7Ws/xJHnY/JB1e9RoCb6XpDxUF3hD9A0Z1lEUx40Pfw=="
      },
      "System.Buffers": {
        "type": "Transitive",
        "resolved": "4.5.0",
        "contentHash": "pL2ChpaRRWI/p4LXyy4RgeWlYF2sgfj/pnVMvBqwNFr5cXg7CXNnWZWxrOONLg8VGdFB8oB+EG2Qw4MLgTOe+A=="
      },
      "System.Configuration.ConfigurationManager": {
        "type": "Transitive",
        "resolved": "6.0.0",
        "contentHash": "7T+m0kDSlIPTHIkPMIu6m6tV6qsMqJpvQWW2jIc2qi7sn40qxFo0q+7mEQAhMPXZHMKnWrnv47ntGlM/ejvw3g==",
        "dependencies": {
          "System.Security.Cryptography.ProtectedData": "6.0.0",
          "System.Security.Permissions": "6.0.0"
        }
      },
      "System.Data.SqlClient": {
        "type": "Transitive",
        "resolved": "4.8.5",
        "contentHash": "fRqxut4lrndPHrXD+ht1XRmCL3obuKldm4XjCRYS9p5f7FSR7shBxAwTkDrpFMsHC9BhNgjjmUtiIjvehn5zkg==",
        "dependencies": {
          "Microsoft.Win32.Registry": "4.7.0",
          "System.Security.Principal.Windows": "4.7.0",
          "runtime.native.System.Data.SqlClient.sni": "4.7.0"
        }
      },
      "System.Diagnostics.DiagnosticSource": {
        "type": "Transitive",
        "resolved": "4.6.0",
        "contentHash": "mbBgoR0rRfl2uimsZ2avZY8g7Xnh1Mza0rJZLPcxqiMWlkGukjmRkuMJ/er+AhQuiRIh80CR/Hpeztr80seV5g=="
      },
      "System.Drawing.Common": {
        "type": "Transitive",
        "resolved": "6.0.0",
        "contentHash": "NfuoKUiP2nUWwKZN6twGqXioIe1zVD0RIj2t976A+czLHr2nY454RwwXs6JU9Htc6mwqL6Dn/nEL3dpVf2jOhg==",
        "dependencies": {
          "Microsoft.Win32.SystemEvents": "6.0.0"
        }
      },
      "System.Formats.Asn1": {
        "type": "Transitive",
        "resolved": "6.0.0",
        "contentHash": "T6fD00dQ3NTbPDy31m4eQUwKW84s03z0N2C8HpOklyeaDgaJPa/TexP4/SkORMSOwc7WhKifnA6Ya33AkzmafA=="
      },
      "System.IdentityModel.Tokens.Jwt": {
        "type": "Transitive",
        "resolved": "6.25.1",
        "contentHash": "0ypg2Vj2gSm7guuO152Y4kVCyLQ4aZyakAogmZlmB3M5QZTDUW0wjXzKafqAtFBzw+pGWH0bFAfH2FyNt7Uo6A==",
        "dependencies": {
          "Microsoft.IdentityModel.JsonWebTokens": "6.25.1",
          "Microsoft.IdentityModel.Tokens": "6.25.1"
        }
      },
      "System.Memory": {
        "type": "Transitive",
        "resolved": "4.5.5",
        "contentHash": "XIWiDvKPXaTveaB7HVganDlOCRoj03l+jrwNvcge/t8vhGYKvqV+dMv6G4SAX2NoNmN0wZfVPTAlFwZcZvVOUw=="
      },
      "System.Numerics.Vectors": {
        "type": "Transitive",
        "resolved": "4.5.0",
        "contentHash": "QQTlPTl06J/iiDbJCiepZ4H//BVraReU4O4EoRw1U02H5TLUIT7xn3GnDp9AXPSlJUDyFs4uWjWafNX6WrAojQ=="
      },
      "System.Runtime": {
        "type": "Transitive",
        "resolved": "4.3.0",
        "contentHash": "JufQi0vPQ0xGnAczR13AUFglDyVYt4Kqnz1AZaiKZ5+GICq0/1MH/mO/eAJHt/mHW1zjKBJd7kV26SrxddAhiw==",
        "dependencies": {
          "Microsoft.NETCore.Platforms": "1.1.0",
          "Microsoft.NETCore.Targets": "1.1.0"
        }
      },
      "System.Runtime.CompilerServices.Unsafe": {
        "type": "Transitive",
        "resolved": "6.0.0",
        "contentHash": "/iUeP3tq1S0XdNNoMz5C9twLSrM/TH+qElHkXWaPvuNOt+99G75NrV0OS2EqHx5wMN7popYjpc8oTjC1y16DLg=="
      },
      "System.Security.AccessControl": {
        "type": "Transitive",
        "resolved": "6.0.0",
        "contentHash": "AUADIc0LIEQe7MzC+I0cl0rAT8RrTAKFHl53yHjEUzNVIaUlhFY11vc2ebiVJzVBuOzun6F7FBA+8KAbGTTedQ=="
      },
      "System.Security.Cryptography.Cng": {
        "type": "Transitive",
        "resolved": "4.5.0",
        "contentHash": "WG3r7EyjUe9CMPFSs6bty5doUqT+q9pbI80hlNzo2SkPkZ4VTuZkGWjpp77JB8+uaL4DFPRdBsAY+DX3dBK92A=="
      },
      "System.Security.Cryptography.Pkcs": {
        "type": "Transitive",
        "resolved": "6.0.1",
        "contentHash": "ynmbW2GjIGg9K1wXmVIRs4IlyDolf0JXNpzFQ8JCVgwM+myUC2JeUggl2PwQig2PNVMegKmN1aAx7WPQ8tI3vA==",
        "dependencies": {
          "System.Formats.Asn1": "6.0.0"
        }
      },
      "System.Security.Cryptography.ProtectedData": {
        "type": "Transitive",
        "resolved": "6.0.0",
        "contentHash": "rp1gMNEZpvx9vP0JW0oHLxlf8oSiQgtno77Y4PLUBjSiDYoD77Y8uXHr1Ea5XG4/pIKhqAdxZ8v8OTUtqo9PeQ=="
      },
      "System.Security.Cryptography.Xml": {
        "type": "Transitive",
        "resolved": "6.0.1",
        "contentHash": "5e5bI28T0x73AwTsbuFP4qSRzthmU2C0Gqgg3AZ3KTxmSyA+Uhk31puA3srdaeWaacVnHhLdJywCzqOiEpbO/w==",
        "dependencies": {
          "System.Security.AccessControl": "6.0.0",
          "System.Security.Cryptography.Pkcs": "6.0.1"
        }
      },
      "System.Security.Permissions": {
        "type": "Transitive",
        "resolved": "6.0.0",
        "contentHash": "T/uuc7AklkDoxmcJ7LGkyX1CcSviZuLCa4jg3PekfJ7SU0niF0IVTXwUiNVP9DSpzou2PpxJ+eNY2IfDM90ZCg==",
        "dependencies": {
          "System.Security.AccessControl": "6.0.0",
          "System.Windows.Extensions": "6.0.0"
        }
      },
      "System.Security.Principal.Windows": {
        "type": "Transitive",
        "resolved": "5.0.0",
        "contentHash": "t0MGLukB5WAVU9bO3MGzvlGnyJPgUlcwerXn1kzBRjwLKixT96XV0Uza41W49gVd8zEMFu9vQEFlv0IOrytICA=="
      },
      "System.Text.Encoding": {
        "type": "Transitive",
        "resolved": "4.3.0",
        "contentHash": "BiIg+KWaSDOITze6jGQynxg64naAPtqGHBwDrLaCtixsa5bKiR8dpPOHA7ge3C0JJQizJE+sfkz1wV+BAKAYZw==",
        "dependencies": {
          "Microsoft.NETCore.Platforms": "1.1.0",
          "Microsoft.NETCore.Targets": "1.1.0",
          "System.Runtime": "4.3.0"
        }
      },
      "System.Text.Json": {
        "type": "Transitive",
        "resolved": "4.7.2",
        "contentHash": "TcMd95wcrubm9nHvJEQs70rC0H/8omiSGGpU4FQ/ZA1URIqD4pjmFJh2Mfv1yH1eHgJDWTi2hMDXwTET+zOOyg=="
      },
      "System.Threading.Tasks.Extensions": {
        "type": "Transitive",
        "resolved": "4.5.2",
        "contentHash": "BG/TNxDFv0svAzx8OiMXDlsHfGw623BZ8tCXw4YLhDFDvDhNUEV58jKYMGRnkbJNm7c3JNNJDiN7JBMzxRBR2w=="
      },
      "System.Windows.Extensions": {
        "type": "Transitive",
        "resolved": "6.0.0",
        "contentHash": "IXoJOXIqc39AIe+CIR7koBtRGMiCt/LPM3lI+PELtDIy9XdyeSrwXFdWV9dzJ2Awl0paLWUaknLxFQ5HpHZUog==",
        "dependencies": {
          "System.Drawing.Common": "6.0.0"
        }
      },
      "cn.project.client": {
        "type": "Project",
        "dependencies": {
          "Google.Protobuf": "[3.21.12, )",
          "Grpc.Net.Client": "[2.51.0, )",
          "Grpc.Net.ClientFactory": "[2.51.0, )"
        }
      },
      "cn.project.domain": {
        "type": "Project"
      },
      "cn.project.infrastructure": {
        "type": "Project",
        "dependencies": {
          "AWSSDK.S3": "[3.7.101.59, )",
          "AutoMapper": "[12.0.1, )",
          "CN.Project.Client": "[1.0.0, )",
          "CN.Project.Domain": "[1.0.0, )",
          "Dapper": "[2.0.123, )",
          "IronPdf": "[2023.8.6, )",
          "IronPdf.Linux": "[2023.8.6, )",
          "IronPdf.Native.Chrome.Linux": "[2023.8.17287, )",
          "Microsoft.Extensions.Configuration": "[7.0.0, )",
          "Microsoft.Extensions.Logging.Abstractions": "[7.0.0, )",
          "Newtonsoft.Json": "[13.0.3, )",
          "Npgsql": "[7.0.1, )",
          "System.Data.SqlClient": "[4.8.5, )"
        }
      }
    }
  }
}